
Microsoft Visual Studio Solution File, Format Version 12.00
# Visual Studio Version 17
VisualStudioVersion = 17.14.36616.10 d17.14
MinimumVisualStudioVersion = 10.0.40219.1
Project("{00D1A9C2-B5F0-4AF3-8072-F6C62B433612}") = "Agency.DB", "Agency.DB.sqlproj", "{4649AA4D-BE3D-4214-ABDE-38CFEECAFD15}"
EndProject
Global
	GlobalSection(SolutionConfigurationPlatforms) = preSolution
		Debug|Any CPU = Debug|Any CPU
		Release|Any CPU = Release|Any CPU
	EndGlobalSection
	GlobalSection(ProjectConfigurationPlatforms) = postSolution
		{4649AA4D-BE3D-4214-ABDE-38CFEECAFD15}.Debug|Any CPU.ActiveCfg = Debug|Any CPU
		{4649AA4D-BE3D-4214-ABDE-38CFEECAFD15}.Debug|Any CPU.Build.0 = Debug|Any CPU
		{4649AA4D-BE3D-4214-ABDE-38CFEECAFD15}.Debug|Any CPU.Deploy.0 = Debug|Any CPU
		{4649AA4D-BE3D-4214-ABDE-38CFEECAFD15}.Release|Any CPU.ActiveCfg = Release|Any CPU
		{4649AA4D-BE3D-4214-ABDE-38CFEECAFD15}.Release|Any CPU.Build.0 = Release|Any CPU
		{4649AA4D-BE3D-4214-ABDE-38CFEECAFD15}.Release|Any CPU.Deploy.0 = Release|Any CPU
	EndGlobalSection
	GlobalSection(SolutionProperties) = preSolution
		HideSolutionNode = FALSE
	EndGlobalSection
	GlobalSection(ExtensibilityGlobals) = postSolution
		SolutionGuid = {9747703F-92D3-4D62-96F0-EDE20366CE6C}
	EndGlobalSection
EndGlobal
